{
    "_readme": [
        "This file locks the dependencies of your project to a known state",
        "Read more about it at https://getcomposer.org/doc/01-basic-usage.md#composer-lock-the-lock-file",
        "This file is @generated automatically"
    ],
    "hash": "05c785be45d01389a38b7fe0935153f2",
    "content-hash": "6e013195f6651cf3c0eeb111b5fb75cc",
    "packages": [
        {
            "name": "tipsyphp/tipsy",
            "version": "dev-master",
            "source": {
                "type": "git",
                "url": "https://github.com/tipsyphp/tipsy.git",
                "reference": "673d057802367a36fe3d09ab1862c0eca438ac6c"
            },
            "dist": {
                "type": "zip",
                "url": "https://api.github.com/repos/tipsyphp/tipsy/zipball/673d057802367a36fe3d09ab1862c0eca438ac6c",
                "reference": "673d057802367a36fe3d09ab1862c0eca438ac6c",
                "shasum": ""
            },
            "require": {
                "php": ">=5.4.0"
            },
            "require-dev": {
                "satooshi/php-coveralls": "dev-master"
            },
            "type": "library",
            "autoload": {
                "psr-4": {
                    "Tipsy\\": "src/"
                },
                "files": [
                    "src/Tipsy.php"
                ]
            },
            "notification-url": "https://packagist.org/downloads/",
            "license": [
                "MIT"
            ],
            "authors": [
                {
                    "name": "Devin Smith",
                    "email": "devin@tipsy.la",
                    "homepage": "http://devin.la",
                    "role": "Developer"
                }
            ],
            "description": "An MVW PHP framework",
            "keywords": [
                "framework",
                "mvc",
                "mvw",
                "php"
            ],
            "time": "2015-12-13 15:35:41"
        }
    ],
    "packages-dev": [],
    "aliases": [],
    "minimum-stability": "stable",
    "stability-flags": {
        "tipsyphp/tipsy": 20
    },
    "prefer-stable": false,
    "prefer-lowest": false,
    "platform": [],
    "platform-dev": []
}
