{
    "_readme": [
        "This file locks the dependencies of your project to a known state",
        "Read more about it at https://getcomposer.org/doc/01-basic-usage.md#composer-lock-the-lock-file",
        "This file is @generated automatically"
    ],
    "hash": "05c785be45d01389a38b7fe0935153f2",
    "content-hash": "6e013195f6651cf3c0eeb111b5fb75cc",
    "packages": [
        {
            "name": "tipsyphp/tipsy",
            "version": "dev-master",
            "source": {
                "type": "git",
<<<<<<< HEAD
                "url": "https://github.com/tipsyphp/tipsy.git",
                "reference": "43f0aa5f311a67dd1305e79616220a9e88b1b7ff"
            },
            "dist": {
                "type": "zip",
                "url": "https://api.github.com/repos/tipsyphp/tipsy/zipball/43f0aa5f311a67dd1305e79616220a9e88b1b7ff",
                "reference": "43f0aa5f311a67dd1305e79616220a9e88b1b7ff",
=======
                "url": "https://github.com/arzynik/tipsy.git",
                "reference": "50f695160cb12b98f81f90b0294e35472087827d"
            },
            "dist": {
                "type": "zip",
                "url": "https://api.github.com/repos/arzynik/tipsy/zipball/50f695160cb12b98f81f90b0294e35472087827d",
                "reference": "50f695160cb12b98f81f90b0294e35472087827d",
>>>>>>> 442abc444db2f249bb27ffa73ea2ff2ea1cc532e
                "shasum": ""
            },
            "require": {
                "php": ">=5.4.0"
            },
            "require-dev": {
                "satooshi/php-coveralls": "dev-master"
            },
            "type": "library",
            "autoload": {
                "psr-4": {
                    "Tipsy\\": "src/"
                },
                "files": [
                    "src/Tipsy.php"
                ]
            },
            "notification-url": "https://packagist.org/downloads/",
            "license": [
                "MIT"
            ],
            "authors": [
                {
                    "name": "Devin Smith",
                    "email": "devin@tipsy.la",
                    "homepage": "http://devin.la",
                    "role": "Developer"
                }
            ],
            "description": "An MVW PHP framework",
            "keywords": [
                "framework",
                "mvc",
                "mvw",
                "php"
            ],
<<<<<<< HEAD
            "time": "2015-12-10 18:36:21"
=======
            "abandoned": "https://github.com/tipsyphp/tipsy",
            "time": "2015-12-09 20:47:19"
>>>>>>> 442abc444db2f249bb27ffa73ea2ff2ea1cc532e
        }
    ],
    "packages-dev": [],
    "aliases": [],
    "minimum-stability": "stable",
    "stability-flags": {
        "tipsyphp/tipsy": 20
    },
    "prefer-stable": false,
    "prefer-lowest": false,
    "platform": [],
    "platform-dev": []
}
